// !$*UTF8*$!
{
	archiveVersion = 1;
	classes = {
	};
	objectVersion = 50;
	objects = {

/* Begin PBXBuildFile section */
		E39DCD8921DB9B5100064751 /* AppDelegate.swift in Sources */ = {isa = PBXBuildFile; fileRef = E39DCD8821DB9B5100064751 /* AppDelegate.swift */; };
		E39DCD9021DB9B5200064751 /* Assets.xcassets in Resources */ = {isa = PBXBuildFile; fileRef = E39DCD8F21DB9B5200064751 /* Assets.xcassets */; };
		E39DCD9321DB9B5200064751 /* LaunchScreen.storyboard in Resources */ = {isa = PBXBuildFile; fileRef = E39DCD9121DB9B5200064751 /* LaunchScreen.storyboard */; };
		E39DCD9D21DB9C3F00064751 /* ViewController.swift in Sources */ = {isa = PBXBuildFile; fileRef = E39DCD9C21DB9C3F00064751 /* ViewController.swift */; };
		E39DCD9F21DB9D9900064751 /* Extensions.swift in Sources */ = {isa = PBXBuildFile; fileRef = E39DCD9E21DB9D9900064751 /* Extensions.swift */; };
		E39DCDA121DB9EE200064751 /* BandCellTableViewCell.swift in Sources */ = {isa = PBXBuildFile; fileRef = E39DCDA021DB9EE200064751 /* BandCellTableViewCell.swift */; };
		E39DCDA321DBA58600064751 /* Info.swift in Sources */ = {isa = PBXBuildFile; fileRef = E39DCDA221DBA58600064751 /* Info.swift */; };
		E39DCDA521DBA72200064751 /* MusicData.swift in Sources */ = {isa = PBXBuildFile; fileRef = E39DCDA421DBA72200064751 /* MusicData.swift */; };
/* End PBXBuildFile section */

/* Begin PBXFileReference section */
		E39DCD8521DB9B5100064751 /* ProgrammaticUITable.app */ = {isa = PBXFileReference; explicitFileType = wrapper.application; includeInIndex = 0; path = ProgrammaticUITable.app; sourceTree = BUILT_PRODUCTS_DIR; };
		E39DCD8821DB9B5100064751 /* AppDelegate.swift */ = {isa = PBXFileReference; lastKnownFileType = sourcecode.swift; path = AppDelegate.swift; sourceTree = "<group>"; };
		E39DCD8F21DB9B5200064751 /* Assets.xcassets */ = {isa = PBXFileReference; lastKnownFileType = folder.assetcatalog; path = Assets.xcassets; sourceTree = "<group>"; };
		E39DCD9221DB9B5200064751 /* Base */ = {isa = PBXFileReference; lastKnownFileType = file.storyboard; name = Base; path = Base.lproj/LaunchScreen.storyboard; sourceTree = "<group>"; };
		E39DCD9421DB9B5200064751 /* Info.plist */ = {isa = PBXFileReference; lastKnownFileType = text.plist.xml; path = Info.plist; sourceTree = "<group>"; };
		E39DCD9C21DB9C3F00064751 /* ViewController.swift */ = {isa = PBXFileReference; lastKnownFileType = sourcecode.swift; path = ViewController.swift; sourceTree = "<group>"; };
		E39DCD9E21DB9D9900064751 /* Extensions.swift */ = {isa = PBXFileReference; fileEncoding = 4; lastKnownFileType = sourcecode.swift; path = Extensions.swift; sourceTree = "<group>"; };
		E39DCDA021DB9EE200064751 /* BandCellTableViewCell.swift */ = {isa = PBXFileReference; lastKnownFileType = sourcecode.swift; path = BandCellTableViewCell.swift; sourceTree = "<group>"; };
		E39DCDA221DBA58600064751 /* Info.swift */ = {isa = PBXFileReference; lastKnownFileType = sourcecode.swift; path = Info.swift; sourceTree = "<group>"; };
		E39DCDA421DBA72200064751 /* MusicData.swift */ = {isa = PBXFileReference; lastKnownFileType = sourcecode.swift; path = MusicData.swift; sourceTree = "<group>"; };
/* End PBXFileReference section */

/* Begin PBXFrameworksBuildPhase section */
		E39DCD8221DB9B5100064751 /* Frameworks */ = {
			isa = PBXFrameworksBuildPhase;
			buildActionMask = 2147483647;
			files = (
			);
			runOnlyForDeploymentPostprocessing = 0;
		};
/* End PBXFrameworksBuildPhase section */

/* Begin PBXGroup section */
		E39DCD7C21DB9B5100064751 = {
			isa = PBXGroup;
			children = (
				E39DCD8721DB9B5100064751 /* ProgrammaticUITable */,
				E39DCD8621DB9B5100064751 /* Products */,
			);
			sourceTree = "<group>";
		};
		E39DCD8621DB9B5100064751 /* Products */ = {
			isa = PBXGroup;
			children = (
				E39DCD8521DB9B5100064751 /* ProgrammaticUITable.app */,
			);
			name = Products;
			sourceTree = "<group>";
		};
		E39DCD8721DB9B5100064751 /* ProgrammaticUITable */ = {
			isa = PBXGroup;
			children = (
				E39DCD8821DB9B5100064751 /* AppDelegate.swift */,
				E39DCD8F21DB9B5200064751 /* Assets.xcassets */,
				E39DCD9121DB9B5200064751 /* LaunchScreen.storyboard */,
				E39DCD9421DB9B5200064751 /* Info.plist */,
				E39DCD9E21DB9D9900064751 /* Extensions.swift */,
				E39DCD9C21DB9C3F00064751 /* ViewController.swift */,
				E39DCDA021DB9EE200064751 /* BandCellTableViewCell.swift */,
				E39DCDA221DBA58600064751 /* Info.swift */,
				E39DCDA421DBA72200064751 /* MusicData.swift */,
			);
			path = ProgrammaticUITable;
			sourceTree = "<group>";
		};
/* End PBXGroup section */

/* Begin PBXNativeTarget section */
		E39DCD8421DB9B5100064751 /* ProgrammaticUITable */ = {
			isa = PBXNativeTarget;
			buildConfigurationList = E39DCD9721DB9B5200064751 /* Build configuration list for PBXNativeTarget "ProgrammaticUITable" */;
			buildPhases = (
				E39DCD8121DB9B5100064751 /* Sources */,
				E39DCD8221DB9B5100064751 /* Frameworks */,
				E39DCD8321DB9B5100064751 /* Resources */,
			);
			buildRules = (
			);
			dependencies = (
			);
			name = ProgrammaticUITable;
			productName = ProgrammaticUITable;
			productReference = E39DCD8521DB9B5100064751 /* ProgrammaticUITable.app */;
			productType = "com.apple.product-type.application";
		};
/* End PBXNativeTarget section */

/* Begin PBXProject section */
		E39DCD7D21DB9B5100064751 /* Project object */ = {
			isa = PBXProject;
			attributes = {
				LastSwiftUpdateCheck = 1010;
				LastUpgradeCheck = 1010;
				ORGANIZATIONNAME = "Erxhan Selmani";
				TargetAttributes = {
					E39DCD8421DB9B5100064751 = {
						CreatedOnToolsVersion = 10.1;
					};
				};
			};
			buildConfigurationList = E39DCD8021DB9B5100064751 /* Build configuration list for PBXProject "ProgrammaticUITable" */;
			compatibilityVersion = "Xcode 9.3";
			developmentRegion = en;
			hasScannedForEncodings = 0;
			knownRegions = (
				en,
				Base,
			);
			mainGroup = E39DCD7C21DB9B5100064751;
			productRefGroup = E39DCD8621DB9B5100064751 /* Products */;
			projectDirPath = "";
			projectRoot = "";
			targets = (
				E39DCD8421DB9B5100064751 /* ProgrammaticUITable */,
			);
		};
/* End PBXProject section */

/* Begin PBXResourcesBuildPhase section */
		E39DCD8321DB9B5100064751 /* Resources */ = {
			isa = PBXResourcesBuildPhase;
			buildActionMask = 2147483647;
			files = (
				E39DCD9321DB9B5200064751 /* LaunchScreen.storyboard in Resources */,
				E39DCD9021DB9B5200064751 /* Assets.xcassets in Resources */,
			);
			runOnlyForDeploymentPostprocessing = 0;
		};
/* End PBXResourcesBuildPhase section */

/* Begin PBXSourcesBuildPhase section */
		E39DCD8121DB9B5100064751 /* Sources */ = {
			isa = PBXSourcesBuildPhase;
			buildActionMask = 2147483647;
			files = (
				E39DCD9D21DB9C3F00064751 /* ViewController.swift in Sources */,
				E39DCD9F21DB9D9900064751 /* Extensions.swift in Sources */,
				E39DCDA121DB9EE200064751 /* BandCellTableViewCell.swift in Sources */,
				E39DCDA521DBA72200064751 /* MusicData.swift in Sources */,
				E39DCDA321DBA58600064751 /* Info.swift in Sources */,
				E39DCD8921DB9B5100064751 /* AppDelegate.swift in Sources */,
			);
			runOnlyForDeploymentPostprocessing = 0;
		};
/* End PBXSourcesBuildPhase section */

/* Begin PBXVariantGroup section */
		E39DCD9121DB9B5200064751 /* LaunchScreen.storyboard */ = {
			isa = PBXVariantGroup;
			children = (
				E39DCD9221DB9B5200064751 /* Base */,
			);
			name = LaunchScreen.storyboard;
			sourceTree = "<group>";
		};
/* End PBXVariantGroup section */

/* Begin XCBuildConfiguration section */
		E39DCD9521DB9B5200064751 /* Debug */ = {
			isa = XCBuildConfiguration;
			buildSettings = {
				ALWAYS_SEARCH_USER_PATHS = NO;
				CLANG_ANALYZER_NONNULL = YES;
				CLANG_ANALYZER_NUMBER_OBJECT_CONVERSION = YES_AGGRESSIVE;
				CLANG_CXX_LANGUAGE_STANDARD = "gnu++14";
				CLANG_CXX_LIBRARY = "libc++";
				CLANG_ENABLE_MODULES = YES;
				CLANG_ENABLE_OBJC_ARC = YES;
				CLANG_ENABLE_OBJC_WEAK = YES;
				CLANG_WARN_BLOCK_CAPTURE_AUTORELEASING = YES;
				CLANG_WARN_BOOL_CONVERSION = YES;
				CLANG_WARN_COMMA = YES;
				CLANG_WARN_CONSTANT_CONVERSION = YES;
				CLANG_WARN_DEPRECATED_OBJC_IMPLEMENTATIONS = YES;
				CLANG_WARN_DIRECT_OBJC_ISA_USAGE = YES_ERROR;
				CLANG_WARN_DOCUMENTATION_COMMENTS = YES;
				CLANG_WARN_EMPTY_BODY = YES;
				CLANG_WARN_ENUM_CONVERSION = YES;
				CLANG_WARN_INFINITE_RECURSION = YES;
				CLANG_WARN_INT_CONVERSION = YES;
				CLANG_WARN_NON_LITERAL_NULL_CONVERSION = YES;
				CLANG_WARN_OBJC_IMPLICIT_RETAIN_SELF = YES;
				CLANG_WARN_OBJC_LITERAL_CONVERSION = YES;
				CLANG_WARN_OBJC_ROOT_CLASS = YES_ERROR;
				CLANG_WARN_RANGE_LOOP_ANALYSIS = YES;
				CLANG_WARN_STRICT_PROTOTYPES = YES;
				CLANG_WARN_SUSPICIOUS_MOVE = YES;
				CLANG_WARN_UNGUARDED_AVAILABILITY = YES_AGGRESSIVE;
				CLANG_WARN_UNREACHABLE_CODE = YES;
				CLANG_WARN__DUPLICATE_METHOD_MATCH = YES;
				CODE_SIGN_IDENTITY = "iPhone Developer";
				COPY_PHASE_STRIP = NO;
				DEBUG_INFORMATION_FORMAT = dwarf;
				ENABLE_STRICT_OBJC_MSGSEND = YES;
				ENABLE_TESTABILITY = YES;
				GCC_C_LANGUAGE_STANDARD = gnu11;
				GCC_DYNAMIC_NO_PIC = NO;
				GCC_NO_COMMON_BLOCKS = YES;
				GCC_OPTIMIZATION_LEVEL = 0;
				GCC_PREPROCESSOR_DEFINITIONS = (
					"DEBUG=1",
					"$(inherited)",
				);
				GCC_WARN_64_TO_32_BIT_CONVERSION = YES;
				GCC_WARN_ABOUT_RETURN_TYPE = YES_ERROR;
				GCC_WARN_UNDECLARED_SELECTOR = YES;
				GCC_WARN_UNINITIALIZED_AUTOS = YES_AGGRESSIVE;
				GCC_WARN_UNUSED_FUNCTION = YES;
				GCC_WARN_UNUSED_VARIABLE = YES;
				IPHONEOS_DEPLOYMENT_TARGET = 12.1;
				MTL_ENABLE_DEBUG_INFO = INCLUDE_SOURCE;
				MTL_FAST_MATH = YES;
				ONLY_ACTIVE_ARCH = YES;
				SDKROOT = iphoneos;
				SWIFT_ACTIVE_COMPILATION_CONDITIONS = DEBUG;
				SWIFT_OPTIMIZATION_LEVEL = "-Onone";
			};
			name = Debug;
		};
		E39DCD9621DB9B5200064751 /* Release */ = {
			isa = XCBuildConfiguration;
			buildSettings = {
				ALWAYS_SEARCH_USER_PATHS = NO;
				CLANG_ANALYZER_NONNULL = YES;
				CLANG_ANALYZER_NUMBER_OBJECT_CONVERSION = YES_AGGRESSIVE;
				CLANG_CXX_LANGUAGE_STANDARD = "gnu++14";
				CLANG_CXX_LIBRARY = "libc++";
				CLANG_ENABLE_MODULES = YES;
				CLANG_ENABLE_OBJC_ARC = YES;
				CLANG_ENABLE_OBJC_WEAK = YES;
				CLANG_WARN_BLOCK_CAPTURE_AUTORELEASING = YES;
				CLANG_WARN_BOOL_CONVERSION = YES;
				CLANG_WARN_COMMA = YES;
				CLANG_WARN_CONSTANT_CONVERSION = YES;
				CLANG_WARN_DEPRECATED_OBJC_IMPLEMENTATIONS = YES;
				CLANG_WARN_DIRECT_OBJC_ISA_USAGE = YES_ERROR;
				CLANG_WARN_DOCUMENTATION_COMMENTS = YES;
				CLANG_WARN_EMPTY_BODY = YES;
				CLANG_WARN_ENUM_CONVERSION = YES;
				CLANG_WARN_INFINITE_RECURSION = YES;
				CLANG_WARN_INT_CONVERSION = YES;
				CLANG_WARN_NON_LITERAL_NULL_CONVERSION = YES;
				CLANG_WARN_OBJC_IMPLICIT_RETAIN_SELF = YES;
				CLANG_WARN_OBJC_LITERAL_CONVERSION = YES;
				CLANG_WARN_OBJC_ROOT_CLASS = YES_ERROR;
				CLANG_WARN_RANGE_LOOP_ANALYSIS = YES;
				CLANG_WARN_STRICT_PROTOTYPES = YES;
				CLANG_WARN_SUSPICIOUS_MOVE = YES;
				CLANG_WARN_UNGUARDED_AVAILABILITY = YES_AGGRESSIVE;
				CLANG_WARN_UNREACHABLE_CODE = YES;
				CLANG_WARN__DUPLICATE_METHOD_MATCH = YES;
				CODE_SIGN_IDENTITY = "iPhone Developer";
				COPY_PHASE_STRIP = NO;
				DEBUG_INFORMATION_FORMAT = "dwarf-with-dsym";
				ENABLE_NS_ASSERTIONS = NO;
				ENABLE_STRICT_OBJC_MSGSEND = YES;
				GCC_C_LANGUAGE_STANDARD = gnu11;
				GCC_NO_COMMON_BLOCKS = YES;
				GCC_WARN_64_TO_32_BIT_CONVERSION = YES;
				GCC_WARN_ABOUT_RETURN_TYPE = YES_ERROR;
				GCC_WARN_UNDECLARED_SELECTOR = YES;
				GCC_WARN_UNINITIALIZED_AUTOS = YES_AGGRESSIVE;
				GCC_WARN_UNUSED_FUNCTION = YES;
				GCC_WARN_UNUSED_VARIABLE = YES;
				IPHONEOS_DEPLOYMENT_TARGET = 12.1;
				MTL_ENABLE_DEBUG_INFO = NO;
				MTL_FAST_MATH = YES;
				SDKROOT = iphoneos;
				SWIFT_COMPILATION_MODE = wholemodule;
				SWIFT_OPTIMIZATION_LEVEL = "-O";
				VALIDATE_PRODUCT = YES;
			};
			name = Release;
		};
		E39DCD9821DB9B5200064751 /* Debug */ = {
			isa = XCBuildConfiguration;
			buildSettings = {
				ASSETCATALOG_COMPILER_APPICON_NAME = AppIcon;
				CODE_SIGN_STYLE = Automatic;
				DEVELOPMENT_TEAM = YF57B659EP;
				INFOPLIST_FILE = ProgrammaticUITable/Info.plist;
				LD_RUNPATH_SEARCH_PATHS = (
					"$(inherited)",
					"@executable_path/Frameworks",
				);
				PRODUCT_BUNDLE_IDENTIFIER = com.erxhanselmani.ProgrammaticUITable;
				PRODUCT_NAME = "$(TARGET_NAME)";
				SWIFT_VERSION = 4.2;
				TARGETED_DEVICE_FAMILY = "1,2";
			};
			name = Debug;
		};
		E39DCD9921DB9B5200064751 /* Release */ = {
			isa = XCBuildConfiguration;
			buildSettings = {
				ASSETCATALOG_COMPILER_APPICON_NAME = AppIcon;
				CODE_SIGN_STYLE = Automatic;
				DEVELOPMENT_TEAM = YF57B659EP;
				INFOPLIST_FILE = ProgrammaticUITable/Info.plist;
				LD_RUNPATH_SEARCH_PATHS = (
					"$(inherited)",
					"@executable_path/Frameworks",
				);
				PRODUCT_BUNDLE_IDENTIFIER = com.erxhanselmani.ProgrammaticUITable;
				PRODUCT_NAME = "$(TARGET_NAME)";
				SWIFT_VERSION = 4.2;
				TARGETED_DEVICE_FAMILY = "1,2";
			};
			name = Release;
		};
/* End XCBuildConfiguration section */

/* Begin XCConfigurationList section */
		E39DCD8021DB9B5100064751 /* Build configuration list for PBXProject "ProgrammaticUITable" */ = {
			isa = XCConfigurationList;
			buildConfigurations = (
				E39DCD9521DB9B5200064751 /* Debug */,
				E39DCD9621DB9B5200064751 /* Release */,
			);
			defaultConfigurationIsVisible = 0;
			defaultConfigurationName = Release;
		};
		E39DCD9721DB9B5200064751 /* Build configuration list for PBXNativeTarget "ProgrammaticUITable" */ = {
			isa = XCConfigurationList;
			buildConfigurations = (
				E39DCD9821DB9B5200064751 /* Debug */,
				E39DCD9921DB9B5200064751 /* Release */,
			);
			defaultConfigurationIsVisible = 0;
			defaultConfigurationName = Release;
		};
/* End XCConfigurationList section */
	};
	rootObject = E39DCD7D21DB9B5100064751 /* Project object */;
}
